
Microsoft Visual Studio Solution File, Format Version 12.00
# Visual Studio Version 16
VisualStudioVersion = 16.0.30621.155
MinimumVisualStudioVersion = 10.0.40219.1
Project("{FAE04EC0-301F-11D3-BF4B-00C04F79EFBC}") = "DclTestFormWPy", "DclTestFormWPy\DclTestFormWPy.csproj", "{F2256877-9A17-4F4E-9839-CC5015748FF4}"
EndProject
Global
	GlobalSection(SolutionConfigurationPlatforms) = preSolution
		Debug|Any CPU = Debug|Any CPU
		Release|Any CPU = Release|Any CPU
	EndGlobalSection
	GlobalSection(ProjectConfigurationPlatforms) = postSolution
		{F2256877-9A17-4F4E-9839-CC5015748FF4}.Debug|Any CPU.ActiveCfg = Debug|Any CPU
		{F2256877-9A17-4F4E-9839-CC5015748FF4}.Debug|Any CPU.Build.0 = Debug|Any CPU
		{F2256877-9A17-4F4E-9839-CC5015748FF4}.Release|Any CPU.ActiveCfg = Release|Any CPU
		{F2256877-9A17-4F4E-9839-CC5015748FF4}.Release|Any CPU.Build.0 = Release|Any CPU
	EndGlobalSection
	GlobalSection(SolutionProperties) = preSolution
		HideSolutionNode = FALSE
	EndGlobalSection
	GlobalSection(ExtensibilityGlobals) = postSolution
		SolutionGuid = {85CEB288-56BD-4D2F-82D5-A68189342D08}
	EndGlobalSection
EndGlobal
